
Microsoft Visual Studio Solution File, Format Version 12.00
# Visual Studio Version 16
VisualStudioVersion = 16.0.29613.14
MinimumVisualStudioVersion = 10.0.40219.1
Project("{F2A71F9B-5D33-465A-A702-920D77279786}") = "Example", "Example\Example.fsproj", "{3AFF7F0A-762F-4520-AD89-55E6556FB501}"
EndProject
Global
	GlobalSection(SolutionConfigurationPlatforms) = preSolution
		Debug|Any CPU = Debug|Any CPU
		Release|Any CPU = Release|Any CPU
	EndGlobalSection
	GlobalSection(ProjectConfigurationPlatforms) = postSolution
		{3AFF7F0A-762F-4520-AD89-55E6556FB501}.Debug|Any CPU.ActiveCfg = Debug|Any CPU
		{3AFF7F0A-762F-4520-AD89-55E6556FB501}.Debug|Any CPU.Build.0 = Debug|Any CPU
		{3AFF7F0A-762F-4520-AD89-55E6556FB501}.Release|Any CPU.ActiveCfg = Release|Any CPU
		{3AFF7F0A-762F-4520-AD89-55E6556FB501}.Release|Any CPU.Build.0 = Release|Any CPU
	EndGlobalSection
	GlobalSection(SolutionProperties) = preSolution
		HideSolutionNode = FALSE
	EndGlobalSection
	GlobalSection(ExtensibilityGlobals) = postSolution
		SolutionGuid = {DDF6EC54-40C2-4DAF-B405-414DE61E088F}
	EndGlobalSection
EndGlobal
